
Microsoft Visual Studio Solution File, Format Version 12.00
# Visual Studio Version 16
VisualStudioVersion = 16.0.32228.343
MinimumVisualStudioVersion = 10.0.40219.1
Project("{9A19103F-16F7-4668-BE54-9A1E7A4F7556}") = "CreditCardValidationService", "CreditCardValidationService\CreditCardValidationService.csproj", "{9A40F304-C8B9-463C-8397-5A7EB8CFF622}"
EndProject
Project("{9A19103F-16F7-4668-BE54-9A1E7A4F7556}") = "CreditCard.Core", "CreditCard.Core\CreditCard.Core.csproj", "{2DE47482-4FF1-41DD-8E3D-8C142334C45E}"
EndProject
Global
	GlobalSection(SolutionConfigurationPlatforms) = preSolution
		Debug|Any CPU = Debug|Any CPU
		Release|Any CPU = Release|Any CPU
	EndGlobalSection
	GlobalSection(ProjectConfigurationPlatforms) = postSolution
		{9A40F304-C8B9-463C-8397-5A7EB8CFF622}.Debug|Any CPU.ActiveCfg = Debug|Any CPU
		{9A40F304-C8B9-463C-8397-5A7EB8CFF622}.Debug|Any CPU.Build.0 = Debug|Any CPU
		{9A40F304-C8B9-463C-8397-5A7EB8CFF622}.Release|Any CPU.ActiveCfg = Release|Any CPU
		{9A40F304-C8B9-463C-8397-5A7EB8CFF622}.Release|Any CPU.Build.0 = Release|Any CPU
		{2DE47482-4FF1-41DD-8E3D-8C142334C45E}.Debug|Any CPU.ActiveCfg = Debug|Any CPU
		{2DE47482-4FF1-41DD-8E3D-8C142334C45E}.Debug|Any CPU.Build.0 = Debug|Any CPU
		{2DE47482-4FF1-41DD-8E3D-8C142334C45E}.Release|Any CPU.ActiveCfg = Release|Any CPU
		{2DE47482-4FF1-41DD-8E3D-8C142334C45E}.Release|Any CPU.Build.0 = Release|Any CPU
	EndGlobalSection
	GlobalSection(SolutionProperties) = preSolution
		HideSolutionNode = FALSE
	EndGlobalSection
	GlobalSection(ExtensibilityGlobals) = postSolution
		SolutionGuid = {E62107D2-822A-4B96-9ADA-434608EF1920}
	EndGlobalSection
EndGlobal
